{
  "version": 4,
  "terraform_version": "1.4.2",
  "serial": 134,
  "lineage": "88cb86b4-d57a-9ef7-aa9a-1cd89e9fb968",
  "outputs": {},
  "resources": [
    {
      "module": "module.rds_mysql_db.module.database.module.db_option_group",
      "mode": "managed",
      "type": "aws_db_option_group",
      "name": "this",
      "provider": "provider[\"registry.terraform.io/hashicorp/aws\"]",
      "instances": [
        {
          "index_key": 0,
          "schema_version": 0,
          "attributes": {
            "arn": "arn:aws:rds:us-east-1:648106300517:og:lab1-db-20230504030710410500000002",
            "engine_name": "mysql",
            "id": "lab1-db-20230504030710410500000002",
            "major_engine_version": "8.0",
            "name": "lab1-db-20230504030710410500000002",
            "name_prefix": "lab1-db-",
            "option": [],
            "option_group_description": "lab1-db option group",
            "tags": {
              "Name": "lab1-db",
              "Project": "Lab 1",
              "Terraform": "TRUE"
            },
            "tags_all": {
              "Name": "lab1-db",
              "Project": "Lab 1",
              "Terraform": "TRUE"
            },
            "timeouts": {
              "delete": null
            }
          },
          "sensitive_attributes": [],
          "private": "eyJlMmJmYjczMC1lY2FhLTExZTYtOGY4OC0zNDM2M2JjN2M0YzAiOnsiZGVsZXRlIjo5MDAwMDAwMDAwMDB9fQ==",
          "create_before_destroy": true
        }
      ]
    }
  ],
  "check_results": null
}
